
Microsoft Visual Studio Solution File, Format Version 12.00
# Visual Studio Version 17
VisualStudioVersion = 17.5.33424.131
MinimumVisualStudioVersion = 10.0.40219.1
Project("{FAE04EC0-301F-11D3-BF4B-00C04F79EFBC}") = "Client", "Client\Client.csproj", "{FDFA8EC9-927D-4314-B73E-4DDC0CB40B64}"
EndProject
Project("{FAE04EC0-301F-11D3-BF4B-00C04F79EFBC}") = "Server", "Server\Server.csproj", "{D2B3F785-494A-435D-9423-C571F0F2B7DA}"
EndProject
Global
	GlobalSection(SolutionConfigurationPlatforms) = preSolution
		Debug|Any CPU = Debug|Any CPU
		Release|Any CPU = Release|Any CPU
	EndGlobalSection
	GlobalSection(ProjectConfigurationPlatforms) = postSolution
		{FDFA8EC9-927D-4314-B73E-4DDC0CB40B64}.Debug|Any CPU.ActiveCfg = Debug|Any CPU
		{FDFA8EC9-927D-4314-B73E-4DDC0CB40B64}.Debug|Any CPU.Build.0 = Debug|Any CPU
		{FDFA8EC9-927D-4314-B73E-4DDC0CB40B64}.Release|Any CPU.ActiveCfg = Release|Any CPU
		{FDFA8EC9-927D-4314-B73E-4DDC0CB40B64}.Release|Any CPU.Build.0 = Release|Any CPU
		{D2B3F785-494A-435D-9423-C571F0F2B7DA}.Debug|Any CPU.ActiveCfg = Debug|Any CPU
		{D2B3F785-494A-435D-9423-C571F0F2B7DA}.Debug|Any CPU.Build.0 = Debug|Any CPU
		{D2B3F785-494A-435D-9423-C571F0F2B7DA}.Release|Any CPU.ActiveCfg = Release|Any CPU
		{D2B3F785-494A-435D-9423-C571F0F2B7DA}.Release|Any CPU.Build.0 = Release|Any CPU
	EndGlobalSection
	GlobalSection(SolutionProperties) = preSolution
		HideSolutionNode = FALSE
	EndGlobalSection
	GlobalSection(ExtensibilityGlobals) = postSolution
		SolutionGuid = {1DDDFFB4-C2D7-4359-A733-FCB29B98FE99}
	EndGlobalSection
EndGlobal
